
Microsoft Visual Studio Solution File, Format Version 12.00
# Visual Studio Version 17
VisualStudioVersion = 17.3.32825.248
MinimumVisualStudioVersion = 10.0.40219.1
Project("{FAE04EC0-301F-11D3-BF4B-00C04F79EFBC}") = "OFXSharp", "OFXSharp\OFXSharp.csproj", "{AE81194E-FDEF-4097-96CC-FDC011EF69B8}"
EndProject
Project("{FAE04EC0-301F-11D3-BF4B-00C04F79EFBC}") = "OFXSharp.Tests", "OFXSharp.Tests\OFXSharp.Tests.csproj", "{3BAB3A9B-320B-43E8-B151-D0D9663BB939}"
EndProject
Global
	GlobalSection(SolutionConfigurationPlatforms) = preSolution
		Debug|Any CPU = Debug|Any CPU
		Release|Any CPU = Release|Any CPU
	EndGlobalSection
	GlobalSection(ProjectConfigurationPlatforms) = postSolution
		{AE81194E-FDEF-4097-96CC-FDC011EF69B8}.Debug|Any CPU.ActiveCfg = Debug|Any CPU
		{AE81194E-FDEF-4097-96CC-FDC011EF69B8}.Debug|Any CPU.Build.0 = Debug|Any CPU
		{AE81194E-FDEF-4097-96CC-FDC011EF69B8}.Release|Any CPU.ActiveCfg = Release|Any CPU
		{AE81194E-FDEF-4097-96CC-FDC011EF69B8}.Release|Any CPU.Build.0 = Release|Any CPU
		{3BAB3A9B-320B-43E8-B151-D0D9663BB939}.Debug|Any CPU.ActiveCfg = Debug|Any CPU
		{3BAB3A9B-320B-43E8-B151-D0D9663BB939}.Debug|Any CPU.Build.0 = Debug|Any CPU
		{3BAB3A9B-320B-43E8-B151-D0D9663BB939}.Release|Any CPU.ActiveCfg = Release|Any CPU
		{3BAB3A9B-320B-43E8-B151-D0D9663BB939}.Release|Any CPU.Build.0 = Release|Any CPU
	EndGlobalSection
	GlobalSection(SolutionProperties) = preSolution
		HideSolutionNode = FALSE
	EndGlobalSection
	GlobalSection(ExtensibilityGlobals) = postSolution
		SolutionGuid = {8E39B849-3492-4217-A5BF-3C0895D97D88}
	EndGlobalSection
EndGlobal
